
Microsoft Visual Studio Solution File, Format Version 12.00
# Visual Studio Version 17
VisualStudioVersion = 17.8.34322.80
MinimumVisualStudioVersion = 10.0.40219.1
Project("{2150E333-8FDC-42A3-9474-1A3956D46DE8}") = "Solution Items", "Solution Items", "{530DD6C7-2F29-4B27-9FEE-0F2612F5391B}"
	ProjectSection(SolutionItems) = preProject
		docker-compose.yml = docker-compose.yml
	EndProjectSection
EndProject
Project("{9A19103F-16F7-4668-BE54-9A1E7A4F7556}") = "Altinn.DialogportenAdapter.WebApi", "src\Altinn.DialogportenAdapter.WebApi\Altinn.DialogportenAdapter.WebApi.csproj", "{3FB848BE-8FD5-4DA2-BC83-EE7CBA8359E3}"
EndProject
Project("{FAE04EC0-301F-11D3-BF4B-00C04F79EFBC}") = "Altinn.DialogportenAdapter.EventSimulator", "src\Altinn.DialogportenAdapter.EventSimulator\Altinn.DialogportenAdapter.EventSimulator.csproj", "{330DB9CD-6B16-4138-836C-51383653264B}"
EndProject
Project("{2150E333-8FDC-42A3-9474-1A3956D46DE8}") = "src", "src", "{A44EA8A5-0709-4630-A781-E3E7F757F129}"
EndProject
Project("{2150E333-8FDC-42A3-9474-1A3956D46DE8}") = "tests", "tests", "{A7008E07-41BC-4D6B-8CD6-FF875D655392}"
EndProject
Project("{FAE04EC0-301F-11D3-BF4B-00C04F79EFBC}") = "Altinn.DialogportenAdapter.Unit.Tests", "tests\Altinn.DialogportenAdapter.Unit.Tests\Altinn.DialogportenAdapter.Unit.Tests.csproj", "{B901DA9F-91C7-4AA1-A21E-82A80C4EE59E}"
EndProject
Project("{FAE04EC0-301F-11D3-BF4B-00C04F79EFBC}") = "Altinn.DialogportenAdapter.Contracts", "src\Altinn.DialogportenAdapter.Contracts\Altinn.DialogportenAdapter.Contracts.csproj", "{CE2481DE-5070-485C-9956-DAECB13503D5}"
EndProject
Global
	GlobalSection(SolutionConfigurationPlatforms) = preSolution
		Debug|Any CPU = Debug|Any CPU
		Release|Any CPU = Release|Any CPU
	EndGlobalSection
	GlobalSection(ProjectConfigurationPlatforms) = postSolution
		{3FB848BE-8FD5-4DA2-BC83-EE7CBA8359E3}.Debug|Any CPU.ActiveCfg = Debug|Any CPU
		{3FB848BE-8FD5-4DA2-BC83-EE7CBA8359E3}.Debug|Any CPU.Build.0 = Debug|Any CPU
		{3FB848BE-8FD5-4DA2-BC83-EE7CBA8359E3}.Release|Any CPU.ActiveCfg = Release|Any CPU
		{3FB848BE-8FD5-4DA2-BC83-EE7CBA8359E3}.Release|Any CPU.Build.0 = Release|Any CPU
		{330DB9CD-6B16-4138-836C-51383653264B}.Debug|Any CPU.ActiveCfg = Debug|Any CPU
		{330DB9CD-6B16-4138-836C-51383653264B}.Debug|Any CPU.Build.0 = Debug|Any CPU
		{330DB9CD-6B16-4138-836C-51383653264B}.Release|Any CPU.ActiveCfg = Release|Any CPU
		{330DB9CD-6B16-4138-836C-51383653264B}.Release|Any CPU.Build.0 = Release|Any CPU
		{B901DA9F-91C7-4AA1-A21E-82A80C4EE59E}.Debug|Any CPU.ActiveCfg = Debug|Any CPU
		{B901DA9F-91C7-4AA1-A21E-82A80C4EE59E}.Debug|Any CPU.Build.0 = Debug|Any CPU
		{B901DA9F-91C7-4AA1-A21E-82A80C4EE59E}.Release|Any CPU.ActiveCfg = Release|Any CPU
		{B901DA9F-91C7-4AA1-A21E-82A80C4EE59E}.Release|Any CPU.Build.0 = Release|Any CPU
		{CE2481DE-5070-485C-9956-DAECB13503D5}.Debug|Any CPU.ActiveCfg = Debug|Any CPU
		{CE2481DE-5070-485C-9956-DAECB13503D5}.Debug|Any CPU.Build.0 = Debug|Any CPU
		{CE2481DE-5070-485C-9956-DAECB13503D5}.Release|Any CPU.ActiveCfg = Release|Any CPU
		{CE2481DE-5070-485C-9956-DAECB13503D5}.Release|Any CPU.Build.0 = Release|Any CPU
	EndGlobalSection
	GlobalSection(SolutionProperties) = preSolution
		HideSolutionNode = FALSE
	EndGlobalSection
	GlobalSection(NestedProjects) = preSolution
		{330DB9CD-6B16-4138-836C-51383653264B} = {A44EA8A5-0709-4630-A781-E3E7F757F129}
		{3FB848BE-8FD5-4DA2-BC83-EE7CBA8359E3} = {A44EA8A5-0709-4630-A781-E3E7F757F129}
		{B901DA9F-91C7-4AA1-A21E-82A80C4EE59E} = {A7008E07-41BC-4D6B-8CD6-FF875D655392}
		{CE2481DE-5070-485C-9956-DAECB13503D5} = {A44EA8A5-0709-4630-A781-E3E7F757F129}
	EndGlobalSection
EndGlobal
